{
  "requires": true,
  "lockfileVersion": 1,
  "dependencies": {
    "file-loader": {
      "version": "2.0.0",
      "resolved": "https://registry.npmjs.org/file-loader/-/file-loader-2.0.0.tgz",
      "integrity": "sha512-YCsBfd1ZGCyonOKLxPiKPdu+8ld9HAaMEvJewzz+b2eTF7uL5Zm/HdBF6FjCrpCMRq25Mi0U1gl4pwn2TlH7hQ==",
      "dev": true,
      "requires": {
        "loader-utils": "^1.0.2",
        "schema-utils": "^1.0.0"
      },
      "dependencies": {
        "big.js": {
          "version": "3.2.0",
          "resolved": "https://registry.npmjs.org/big.js/-/big.js-3.2.0.tgz",
          "integrity": "sha512-+hN/Zh2D08Mx65pZ/4g5bsmNiZUuChDiQfTUQ7qJr4/kuopCr88xZsAXv6mBoZEsUI4OuGHlX59qE94K2mMW8Q==",
          "dev": true
        },
        "emojis-list": {
          "version": "2.1.0",
          "resolved": "https://registry.npmjs.org/emojis-list/-/emojis-list-2.1.0.tgz",
          "integrity": "sha1-TapNnbAPmBmIDHn6RXrlsJof04k=",
          "dev": true
        },
        "json5": {
          "version": "0.5.1",
          "resolved": "http://registry.npmjs.org/json5/-/json5-0.5.1.tgz",
          "integrity": "sha1-Hq3nrMASA0rYTiOWdn6tn6VJWCE=",
          "dev": true
        },
        "loader-utils": {
          "version": "1.1.0",
          "resolved": "https://registry.npmjs.org/loader-utils/-/loader-utils-1.1.0.tgz",
          "integrity": "sha1-yYrvSIvM7aL/teLeZG1qdUQp9c0=",
          "dev": true,
          "requires": {
            "big.js": "^3.1.3",
            "emojis-list": "^2.0.0",
            "json5": "^0.5.0"
          }
        }
      }
    },
    "schema-utils": {
      "version": "1.0.0",
      "resolved": "http://registry.npm.taobao.org/schema-utils/download/schema-utils-1.0.0.tgz",
      "dev": true,
      "dependencies": {
        "ajv": {
          "version": "http://registry.npm.taobao.org/ajv/download/ajv-6.5.5.tgz",
          "bundled": true,
          "dependencies": {
            "fast-deep-equal": {
              "version": "http://registry.npm.taobao.org/fast-deep-equal/download/fast-deep-equal-2.0.1.tgz",
              "bundled": true
            },
            "fast-json-stable-stringify": {
              "version": "http://registry.npm.taobao.org/fast-json-stable-stringify/download/fast-json-stable-stringify-2.0.0.tgz",
              "bundled": true
            },
            "json-schema-traverse": {
              "version": "http://registry.npm.taobao.org/json-schema-traverse/download/json-schema-traverse-0.4.1.tgz",
              "bundled": true
            },
            "uri-js": {
              "version": "http://registry.npm.taobao.org/uri-js/download/uri-js-4.2.2.tgz",
              "bundled": true
            }
          }
        },
        "ajv-errors": {
          "version": "http://registry.npm.taobao.org/ajv-errors/download/ajv-errors-1.0.0.tgz",
          "bundled": true
        },
        "ajv-keywords": {
          "version": "http://registry.npm.taobao.org/ajv-keywords/download/ajv-keywords-3.2.0.tgz",
          "bundled": true
        }
      }
    },
    "url-loader": {
      "version": "1.1.2",
      "resolved": "http://registry.npm.taobao.org/url-loader/download/url-loader-1.1.2.tgz",
      "dev": true,
      "requires": {
        "schema-utils": "^1.0.0"
      },
      "dependencies": {
        "loader-utils": {
          "version": "http://registry.npm.taobao.org/loader-utils/download/loader-utils-1.1.0.tgz",
          "bundled": true
        },
        "mime": {
          "version": "http://registry.npm.taobao.org/mime/download/mime-2.3.1.tgz",
          "bundled": true
        },
        "schema-utils": {
          "version": "http://registry.npm.taobao.org/schema-utils/download/schema-utils-1.0.0.tgz",
          "bundled": true,
          "dependencies": {
            "ajv": {
              "version": "http://registry.npm.taobao.org/ajv/download/ajv-6.5.5.tgz",
              "bundled": true,
              "dependencies": {}
            },
            "ajv-errors": {
              "version": "http://registry.npm.taobao.org/ajv-errors/download/ajv-errors-1.0.0.tgz",
              "bundled": true
            },
            "ajv-keywords": {
              "version": "http://registry.npm.taobao.org/ajv-keywords/download/ajv-keywords-3.2.0.tgz",
              "bundled": true
            }
          }
        }
      }
    }
  }
}
